
Microsoft Visual Studio Solution File, Format Version 12.00
# Visual Studio Version 17
VisualStudioVersion = 17.13.35931.197 d17.13
MinimumVisualStudioVersion = 10.0.40219.1
Project("{FAE04EC0-301F-11D3-BF4B-00C04F79EFBC}") = "CriadorDePastas", "CriadorDePastas.csproj", "{72ADBEB0-5A5C-4CF8-80B0-A896789B8532}"
EndProject
Global
	GlobalSection(SolutionConfigurationPlatforms) = preSolution
		Debug|Any CPU = Debug|Any CPU
		Release|Any CPU = Release|Any CPU
	EndGlobalSection
	GlobalSection(ProjectConfigurationPlatforms) = postSolution
		{72ADBEB0-5A5C-4CF8-80B0-A896789B8532}.Debug|Any CPU.ActiveCfg = Debug|Any CPU
		{72ADBEB0-5A5C-4CF8-80B0-A896789B8532}.Debug|Any CPU.Build.0 = Debug|Any CPU
		{72ADBEB0-5A5C-4CF8-80B0-A896789B8532}.Release|Any CPU.ActiveCfg = Release|Any CPU
		{72ADBEB0-5A5C-4CF8-80B0-A896789B8532}.Release|Any CPU.Build.0 = Release|Any CPU
	EndGlobalSection
	GlobalSection(SolutionProperties) = preSolution
		HideSolutionNode = FALSE
	EndGlobalSection
	GlobalSection(ExtensibilityGlobals) = postSolution
		SolutionGuid = {44A1FEF6-301F-41D1-A444-47CF94322FA2}
	EndGlobalSection
EndGlobal
